<?xml version="1.0" encoding="utf-8"?>
<Project ToolsVersion="4.0" xmlns="http://schemas.microsoft.com/developer/msbuild/2003">
  <ItemGroup>
    <Filter Include="Source Files">
      <UniqueIdentifier>{4FC737F1-C7A5-4376-A066-2A32D752A2FF}</UniqueIdentifier>
      <Extensions>cpp;c;cc;cxx;def;odl;idl;hpj;bat;asm;asmx</Extensions>
    </Filter>
    <Filter Include="Header Files">
      <UniqueIdentifier>{93995380-89BD-4b04-88EB-625FBE52EBFB}</UniqueIdentifier>
      <Extensions>h;hpp;hxx;hm;inl;inc;xsd</Extensions>
    </Filter>
    <Filter Include="Other Files">
      <UniqueIdentifier>{92dd081e-da82-482c-b4c7-29a99a7f0eed}</UniqueIdentifier>
    </Filter>
  </ItemGroup>
  <ItemGroup>
    <ClCompile Include="..\extension.cpp">
      <Filter>Source Files</Filter>
    </ClCompile>
    <ClCompile Include="$(SOURCEMOD)\public\smsdk_ext.cpp">
      <Filter>Source Files</Filter>
    </ClCompile>
    <ClCompile Include="..\vscript_fun.cpp">
      <Filter>Source Files</Filter>
    </ClCompile>
    <ClCompile Include="..\tmpbrush.cpp">
      <Filter>Source Files</Filter>
    </ClCompile>
    <ClCompile Include="..\brush.cpp">
      <Filter>Source Files</Filter>
    </ClCompile>
    <ClCompile Include="..\mdlcompile.cpp">
      <Filter>Source Files</Filter>
    </ClCompile>
    <ClCompile Include="..\downloader.cpp">
      <Filter>Source Files</Filter>
    </ClCompile>
    <ClCompile Include="..\callqueue.cpp">
      <Filter>Source Files</Filter>
    </ClCompile>
    <ClCompile Include="..\entfilter.cpp">
      <Filter>Source Files</Filter>
    </ClCompile>
    <ClCompile Include="..\entity.cpp">
      <Filter>Source Files</Filter>
    </ClCompile>
    <ClCompile Include="..\world.cpp">
      <Filter>Source Files</Filter>
    </ClCompile>
  </ItemGroup>
  <ItemGroup>
    <ClInclude Include="..\extension.h">
      <Filter>Header Files</Filter>
    </ClInclude>
    <ClInclude Include="$(SOURCEMOD)\public\smsdk_ext.h">
      <Filter>Header Files</Filter>
    </ClInclude>
    <ClInclude Include="..\smsdk_config.h">
      <Filter>Header Files</Filter>
    </ClInclude>
    <ClInclude Include="..\vscript_fun.h">
      <Filter>Header Files</Filter>
    </ClInclude>
    <ClInclude Include="..\tmpbrush.h">
      <Filter>Header Files</Filter>
    </ClInclude>
    <ClInclude Include="..\brush.h">
      <Filter>Header Files</Filter>
    </ClInclude>
    <ClInclude Include="..\mdlcompile.h">
      <Filter>Header Files</Filter>
    </ClInclude>
    <ClInclude Include="..\downloader.h">
      <Filter>Header Files</Filter>
    </ClInclude>
    <ClInclude Include="..\callqueue.h">
      <Filter>Header Files</Filter>
    </ClInclude>
    <ClInclude Include="..\entfilter.h">
      <Filter>Header Files</Filter>
    </ClInclude>
    <ClInclude Include="..\entity.h">
      <Filter>Header Files</Filter>
    </ClInclude>
    <ClInclude Include="..\world.h">
      <Filter>Header Files</Filter>
    </ClInclude>
  </ItemGroup>
  <ItemGroup>
    <None Include="..\..\models\triangle.qc">
      <Filter>Other Files</Filter>
    </None>
    <None Include="..\..\models\triangle.smd">
      <Filter>Other Files</Filter>
    </None>
    <None Include="..\..\cfg\gorme.cfg">
      <Filter>Other Files</Filter>
    </None>
    <None Include="..\..\cfg\gorme.cfg.symlink">
      <Filter>Other Files</Filter>
    </None>
  </ItemGroup>
</Project>